
Microsoft Visual Studio Solution File, Format Version 12.00
Project("{FAE04EC0-301F-11D3-BF4B-00C04F79EFBC}") = "FirmwareProviderAPI", "FirmwareProviderAPI\FirmwareProviderAPI.csproj", "{EB1B6D29-9113-44D8-B081-6E00AF3E3EA7}"
EndProject
Global
	GlobalSection(SolutionConfigurationPlatforms) = preSolution
		Debug|Any CPU = Debug|Any CPU
		Release|Any CPU = Release|Any CPU
	EndGlobalSection
	GlobalSection(ProjectConfigurationPlatforms) = postSolution
		{EB1B6D29-9113-44D8-B081-6E00AF3E3EA7}.Debug|Any CPU.ActiveCfg = Debug|Any CPU
		{EB1B6D29-9113-44D8-B081-6E00AF3E3EA7}.Debug|Any CPU.Build.0 = Debug|Any CPU
		{EB1B6D29-9113-44D8-B081-6E00AF3E3EA7}.Release|Any CPU.ActiveCfg = Release|Any CPU
		{EB1B6D29-9113-44D8-B081-6E00AF3E3EA7}.Release|Any CPU.Build.0 = Release|Any CPU
	EndGlobalSection
EndGlobal
