
Microsoft Visual Studio Solution File, Format Version 12.00
Project("{FAE04EC0-301F-11D3-BF4B-00C04F79EFBC}") = "FirmwareProviderAPI", "FirmwareProviderAPI\FirmwareProviderAPI.csproj", "{EB1B6D29-9113-44D8-B081-6E00AF3E3EA7}"
EndProject
Project("{FAE04EC0-301F-11D3-BF4B-00C04F79EFBC}") = "SamsungFumoClient", "SamsungFumoClient\SamsungFumoClient\SamsungFumoClient.csproj", "{4A2F4E19-1455-4718-88E4-6308C6F25EEE}"
EndProject
Project("{FAE04EC0-301F-11D3-BF4B-00C04F79EFBC}") = "ThePBone.WbXml2", "SamsungFumoClient\ThePBone.WbXml2\ThePBone.WbXml2.csproj", "{A06EED8E-08FA-4ADF-A684-AE2EC8348749}"
EndProject
Project("{FAE04EC0-301F-11D3-BF4B-00C04F79EFBC}") = "FirmwareProviderCLI", "FirmwareProviderCLI\FirmwareProviderCLI.csproj", "{04A27DD5-D58F-4194-A60A-1B5AB41BA9D8}"
EndProject
Global
	GlobalSection(SolutionConfigurationPlatforms) = preSolution
		Debug|Any CPU = Debug|Any CPU
		Release|Any CPU = Release|Any CPU
	EndGlobalSection
	GlobalSection(ProjectConfigurationPlatforms) = postSolution
		{EB1B6D29-9113-44D8-B081-6E00AF3E3EA7}.Debug|Any CPU.ActiveCfg = Debug|Any CPU
		{EB1B6D29-9113-44D8-B081-6E00AF3E3EA7}.Debug|Any CPU.Build.0 = Debug|Any CPU
		{EB1B6D29-9113-44D8-B081-6E00AF3E3EA7}.Release|Any CPU.ActiveCfg = Release|Any CPU
		{EB1B6D29-9113-44D8-B081-6E00AF3E3EA7}.Release|Any CPU.Build.0 = Release|Any CPU
		{4A2F4E19-1455-4718-88E4-6308C6F25EEE}.Debug|Any CPU.ActiveCfg = Debug|Any CPU
		{4A2F4E19-1455-4718-88E4-6308C6F25EEE}.Debug|Any CPU.Build.0 = Debug|Any CPU
		{4A2F4E19-1455-4718-88E4-6308C6F25EEE}.Release|Any CPU.ActiveCfg = Release|Any CPU
		{4A2F4E19-1455-4718-88E4-6308C6F25EEE}.Release|Any CPU.Build.0 = Release|Any CPU
		{A06EED8E-08FA-4ADF-A684-AE2EC8348749}.Debug|Any CPU.ActiveCfg = Debug|Any CPU
		{A06EED8E-08FA-4ADF-A684-AE2EC8348749}.Debug|Any CPU.Build.0 = Debug|Any CPU
		{A06EED8E-08FA-4ADF-A684-AE2EC8348749}.Release|Any CPU.ActiveCfg = Release|Any CPU
		{A06EED8E-08FA-4ADF-A684-AE2EC8348749}.Release|Any CPU.Build.0 = Release|Any CPU
		{04A27DD5-D58F-4194-A60A-1B5AB41BA9D8}.Debug|Any CPU.ActiveCfg = Debug|Any CPU
		{04A27DD5-D58F-4194-A60A-1B5AB41BA9D8}.Debug|Any CPU.Build.0 = Debug|Any CPU
		{04A27DD5-D58F-4194-A60A-1B5AB41BA9D8}.Release|Any CPU.ActiveCfg = Release|Any CPU
		{04A27DD5-D58F-4194-A60A-1B5AB41BA9D8}.Release|Any CPU.Build.0 = Release|Any CPU
	EndGlobalSection
EndGlobal
